
Microsoft Visual Studio Solution File, Format Version 12.00
# Visual Studio Version 17
VisualStudioVersion = 17.3.32922.545
MinimumVisualStudioVersion = 10.0.40219.1
Project("{FAE04EC0-301F-11D3-BF4B-00C04F79EFBC}") = "conjuntos-hashset-csharp", "conjuntos-hashset-csharp\conjuntos-hashset-csharp.csproj", "{A56FE6E3-921F-43B8-AB6E-6BE3E043356C}"
EndProject
Global
	GlobalSection(SolutionConfigurationPlatforms) = preSolution
		Debug|Any CPU = Debug|Any CPU
		Release|Any CPU = Release|Any CPU
	EndGlobalSection
	GlobalSection(ProjectConfigurationPlatforms) = postSolution
		{A56FE6E3-921F-43B8-AB6E-6BE3E043356C}.Debug|Any CPU.ActiveCfg = Debug|Any CPU
		{A56FE6E3-921F-43B8-AB6E-6BE3E043356C}.Debug|Any CPU.Build.0 = Debug|Any CPU
		{A56FE6E3-921F-43B8-AB6E-6BE3E043356C}.Release|Any CPU.ActiveCfg = Release|Any CPU
		{A56FE6E3-921F-43B8-AB6E-6BE3E043356C}.Release|Any CPU.Build.0 = Release|Any CPU
	EndGlobalSection
	GlobalSection(SolutionProperties) = preSolution
		HideSolutionNode = FALSE
	EndGlobalSection
	GlobalSection(ExtensibilityGlobals) = postSolution
		SolutionGuid = {85B15D6E-525E-4D12-A84B-A8A074A0F6FC}
	EndGlobalSection
EndGlobal
